
Microsoft Visual Studio Solution File, Format Version 12.00
# Visual Studio 15
VisualStudioVersion = 15.0.28307.329
MinimumVisualStudioVersion = 10.0.40219.1
Project("{FAE04EC0-301F-11D3-BF4B-00C04F79EFBC}") = "LBU_c7174390_Product", "LBU_c7174390_Product\LBU_c7174390_Product.csproj", "{9EBACFCB-4FFD-4F2C-ADC6-FE50953D1C86}"
EndProject
Global
	GlobalSection(SolutionConfigurationPlatforms) = preSolution
		Debug|Any CPU = Debug|Any CPU
		Release|Any CPU = Release|Any CPU
	EndGlobalSection
	GlobalSection(ProjectConfigurationPlatforms) = postSolution
		{9EBACFCB-4FFD-4F2C-ADC6-FE50953D1C86}.Debug|Any CPU.ActiveCfg = Debug|Any CPU
		{9EBACFCB-4FFD-4F2C-ADC6-FE50953D1C86}.Debug|Any CPU.Build.0 = Debug|Any CPU
		{9EBACFCB-4FFD-4F2C-ADC6-FE50953D1C86}.Release|Any CPU.ActiveCfg = Release|Any CPU
		{9EBACFCB-4FFD-4F2C-ADC6-FE50953D1C86}.Release|Any CPU.Build.0 = Release|Any CPU
	EndGlobalSection
	GlobalSection(SolutionProperties) = preSolution
		HideSolutionNode = FALSE
	EndGlobalSection
	GlobalSection(ExtensibilityGlobals) = postSolution
		SolutionGuid = {392F1519-E192-4C71-8D7A-AC93550E33A7}
	EndGlobalSection
EndGlobal
